
Microsoft Visual Studio Solution File, Format Version 12.00
# Visual Studio Version 17
VisualStudioVersion = 17.11.35312.102
MinimumVisualStudioVersion = 10.0.40219.1
Project("{8BC9CEB8-8B4A-11D0-8D11-00A0C91BC942}") = "Lab_1_1", "Lab_1_1.vcxproj", "{CFC463EE-E8B4-4496-92C4-08733DE3485F}"
EndProject
Project("{8BC9CEB8-8B4A-11D0-8D11-00A0C91BC942}") = "UnitTestLab_1_1", "UnitTestLab_1_1\UnitTestLab_1_1.vcxproj", "{F05B399B-CDFF-4D83-AE2A-38DE373323F9}"
EndProject
Global
	GlobalSection(SolutionConfigurationPlatforms) = preSolution
		Debug|x64 = Debug|x64
		Debug|x86 = Debug|x86
		Release|x64 = Release|x64
		Release|x86 = Release|x86
	EndGlobalSection
	GlobalSection(ProjectConfigurationPlatforms) = postSolution
		{CFC463EE-E8B4-4496-92C4-08733DE3485F}.Debug|x64.ActiveCfg = Debug|x64
		{CFC463EE-E8B4-4496-92C4-08733DE3485F}.Debug|x64.Build.0 = Debug|x64
		{CFC463EE-E8B4-4496-92C4-08733DE3485F}.Debug|x86.ActiveCfg = Debug|Win32
		{CFC463EE-E8B4-4496-92C4-08733DE3485F}.Debug|x86.Build.0 = Debug|Win32
		{CFC463EE-E8B4-4496-92C4-08733DE3485F}.Release|x64.ActiveCfg = Release|x64
		{CFC463EE-E8B4-4496-92C4-08733DE3485F}.Release|x64.Build.0 = Release|x64
		{CFC463EE-E8B4-4496-92C4-08733DE3485F}.Release|x86.ActiveCfg = Release|Win32
		{CFC463EE-E8B4-4496-92C4-08733DE3485F}.Release|x86.Build.0 = Release|Win32
		{F05B399B-CDFF-4D83-AE2A-38DE373323F9}.Debug|x64.ActiveCfg = Debug|x64
		{F05B399B-CDFF-4D83-AE2A-38DE373323F9}.Debug|x64.Build.0 = Debug|x64
		{F05B399B-CDFF-4D83-AE2A-38DE373323F9}.Debug|x86.ActiveCfg = Debug|Win32
		{F05B399B-CDFF-4D83-AE2A-38DE373323F9}.Debug|x86.Build.0 = Debug|Win32
		{F05B399B-CDFF-4D83-AE2A-38DE373323F9}.Release|x64.ActiveCfg = Release|x64
		{F05B399B-CDFF-4D83-AE2A-38DE373323F9}.Release|x64.Build.0 = Release|x64
		{F05B399B-CDFF-4D83-AE2A-38DE373323F9}.Release|x86.ActiveCfg = Release|Win32
		{F05B399B-CDFF-4D83-AE2A-38DE373323F9}.Release|x86.Build.0 = Release|Win32
	EndGlobalSection
	GlobalSection(SolutionProperties) = preSolution
		HideSolutionNode = FALSE
	EndGlobalSection
	GlobalSection(ExtensibilityGlobals) = postSolution
		SolutionGuid = {E24246BE-A875-40F6-A451-4FABC62045B2}
	EndGlobalSection
EndGlobal
