
Microsoft Visual Studio Solution File, Format Version 12.00
# Visual Studio Version 17
VisualStudioVersion = 17.11.35312.102
MinimumVisualStudioVersion = 10.0.40219.1
Project("{8BC9CEB8-8B4A-11D0-8D11-00A0C91BC942}") = "Lab_12", "Lab_12.vcxproj", "{EDC34EDC-2A1B-4F6B-B9B0-DBB9B6CD5832}"
EndProject
Global
	GlobalSection(SolutionConfigurationPlatforms) = preSolution
		Debug|x64 = Debug|x64
		Debug|x86 = Debug|x86
		Release|x64 = Release|x64
		Release|x86 = Release|x86
	EndGlobalSection
	GlobalSection(ProjectConfigurationPlatforms) = postSolution
		{EDC34EDC-2A1B-4F6B-B9B0-DBB9B6CD5832}.Debug|x64.ActiveCfg = Debug|x64
		{EDC34EDC-2A1B-4F6B-B9B0-DBB9B6CD5832}.Debug|x64.Build.0 = Debug|x64
		{EDC34EDC-2A1B-4F6B-B9B0-DBB9B6CD5832}.Debug|x86.ActiveCfg = Debug|Win32
		{EDC34EDC-2A1B-4F6B-B9B0-DBB9B6CD5832}.Debug|x86.Build.0 = Debug|Win32
		{EDC34EDC-2A1B-4F6B-B9B0-DBB9B6CD5832}.Release|x64.ActiveCfg = Release|x64
		{EDC34EDC-2A1B-4F6B-B9B0-DBB9B6CD5832}.Release|x64.Build.0 = Release|x64
		{EDC34EDC-2A1B-4F6B-B9B0-DBB9B6CD5832}.Release|x86.ActiveCfg = Release|Win32
		{EDC34EDC-2A1B-4F6B-B9B0-DBB9B6CD5832}.Release|x86.Build.0 = Release|Win32
	EndGlobalSection
	GlobalSection(SolutionProperties) = preSolution
		HideSolutionNode = FALSE
	EndGlobalSection
	GlobalSection(ExtensibilityGlobals) = postSolution
		SolutionGuid = {41C9C05B-2AE0-41E5-BC1C-006CE96C3E44}
	EndGlobalSection
EndGlobal
